
Microsoft Visual Studio Solution File, Format Version 12.00
# Visual Studio Version 16
VisualStudioVersion = 16.0.29123.89
MinimumVisualStudioVersion = 10.0.40219.1
Project("{9A19103F-16F7-4668-BE54-9A1E7A4F7556}") = "Myleasin.Common", "Myleasin.Common\Myleasin.Common.csproj", "{083A7892-7A03-4C8E-8A5C-259D5146976D}"
EndProject
Project("{FAE04EC0-301F-11D3-BF4B-00C04F79EFBC}") = "Myleasing.Web", "Myleasing.Web\Myleasing.Web.csproj", "{7947310B-74E2-4E7D-873B-083D7F21211E}"
EndProject
Global
	GlobalSection(SolutionConfigurationPlatforms) = preSolution
		Debug|Any CPU = Debug|Any CPU
		Release|Any CPU = Release|Any CPU
	EndGlobalSection
	GlobalSection(ProjectConfigurationPlatforms) = postSolution
		{083A7892-7A03-4C8E-8A5C-259D5146976D}.Debug|Any CPU.ActiveCfg = Debug|Any CPU
		{083A7892-7A03-4C8E-8A5C-259D5146976D}.Debug|Any CPU.Build.0 = Debug|Any CPU
		{083A7892-7A03-4C8E-8A5C-259D5146976D}.Release|Any CPU.ActiveCfg = Release|Any CPU
		{083A7892-7A03-4C8E-8A5C-259D5146976D}.Release|Any CPU.Build.0 = Release|Any CPU
		{7947310B-74E2-4E7D-873B-083D7F21211E}.Debug|Any CPU.ActiveCfg = Debug|Any CPU
		{7947310B-74E2-4E7D-873B-083D7F21211E}.Debug|Any CPU.Build.0 = Debug|Any CPU
		{7947310B-74E2-4E7D-873B-083D7F21211E}.Release|Any CPU.ActiveCfg = Release|Any CPU
		{7947310B-74E2-4E7D-873B-083D7F21211E}.Release|Any CPU.Build.0 = Release|Any CPU
	EndGlobalSection
	GlobalSection(SolutionProperties) = preSolution
		HideSolutionNode = FALSE
	EndGlobalSection
	GlobalSection(ExtensibilityGlobals) = postSolution
		SolutionGuid = {E54D768B-85E5-48D2-A2CA-9C147A5FE858}
	EndGlobalSection
EndGlobal
